
Microsoft Visual Studio Solution File, Format Version 12.00
# Visual Studio Version 16
VisualStudioVersion = 16.0.32228.343
MinimumVisualStudioVersion = 10.0.40219.1
Project("{FAE04EC0-301F-11D3-BF4B-00C04F79EFBC}") = "Team_122_N-Puzzle", "Team_122_N-Puzzle\Team_122_N-Puzzle.csproj", "{5BF0EC4D-A78B-4184-A1A4-8F6B67E44051}"
EndProject
Global
	GlobalSection(SolutionConfigurationPlatforms) = preSolution
		Debug|Any CPU = Debug|Any CPU
		Release|Any CPU = Release|Any CPU
	EndGlobalSection
	GlobalSection(ProjectConfigurationPlatforms) = postSolution
		{5BF0EC4D-A78B-4184-A1A4-8F6B67E44051}.Debug|Any CPU.ActiveCfg = Debug|Any CPU
		{5BF0EC4D-A78B-4184-A1A4-8F6B67E44051}.Debug|Any CPU.Build.0 = Debug|Any CPU
		{5BF0EC4D-A78B-4184-A1A4-8F6B67E44051}.Release|Any CPU.ActiveCfg = Release|Any CPU
		{5BF0EC4D-A78B-4184-A1A4-8F6B67E44051}.Release|Any CPU.Build.0 = Release|Any CPU
	EndGlobalSection
	GlobalSection(SolutionProperties) = preSolution
		HideSolutionNode = FALSE
	EndGlobalSection
	GlobalSection(ExtensibilityGlobals) = postSolution
		SolutionGuid = {96652822-E256-4A37-A334-D13848442D74}
	EndGlobalSection
EndGlobal
